Microsoft Visual Studio Solution File, Format Version 12.00
# Visual Studio Version 17
VisualStudioVersion = 17.0.31903.59
MinimumVisualStudioVersion = 10.0.40219.1
Project("{2150E333-8FDC-42A3-9474-1A3956D46DE8}") = "src", "src", "{3CBD0B87-1460-4E84-B97E-0AA9CF222F51}"
EndProject
Project("{FAE04EC0-301F-11D3-BF4B-00C04F79EFBC}") = "MyUMCApp.Client", "src\MyUMCApp.Client\MyUMCApp.Client.csproj", "{E028334E-9A48-4DD4-B4D9-B8A1560D5DCA}"
EndProject
Project("{2150E333-8FDC-42A3-9474-1A3956D46DE8}") = "infrastructure", "infrastructure", "{07D8646D-B387-423E-9DE5-9D57314E05AF}"
EndProject
Project("{FAE04EC0-301F-11D3-BF4B-00C04F79EFBC}") = "MyUMCApp.Infrastructure", "infrastructure\MyUMCApp.Infrastructure\MyUMCApp.Infrastructure.csproj", "{AE2B1AC5-1C5D-442B-B14F-5B79C7B3CC89}"
EndProject
Project("{FAE04EC0-301F-11D3-BF4B-00C04F79EFBC}") = "MyUMCApp.Identity.API", "src\MyUMCApp.Identity.API\MyUMCApp.Identity.API.csproj", "{B1234567-89AB-4DEF-0123-456789ABCDEF}"
EndProject
Project("{FAE04EC0-301F-11D3-BF4B-00C04F79EFBC}") = "MyUMCApp.Members.API", "src\MyUMCApp.Members.API\MyUMCApp.Members.API.csproj", "{C1234567-89AB-4DEF-0123-456789ABCDEF}"
EndProject
Project("{FAE04EC0-301F-11D3-BF4B-00C04F79EFBC}") = "MyUMCApp.Content.API", "src\MyUMCApp.Content.API\MyUMCApp.Content.API.csproj", "{D1234567-89AB-4DEF-0123-456789ABCDEF}"
EndProject
Project("{FAE04EC0-301F-11D3-BF4B-00C04F79EFBC}") = "MyUMCApp.Store.API", "src\MyUMCApp.Store.API\MyUMCApp.Store.API.csproj", "{E1234567-89AB-4DEF-0123-456789ABCDEF}"
EndProject
Project("{FAE04EC0-301F-11D3-BF4B-00C04F79EFBC}") = "MyUMCApp.Shared", "src\MyUMCApp.Shared\MyUMCApp.Shared.csproj", "{F1234567-89AB-4DEF-0123-456789ABCDEF}"
EndProject
Global
	GlobalSection(SolutionConfigurationPlatforms) = preSolution
		Debug|Any CPU = Debug|Any CPU
		Release|Any CPU = Release|Any CPU
	EndGlobalSection
	GlobalSection(SolutionProperties) = preSolution
		HideSolutionNode = FALSE
	EndGlobalSection
	GlobalSection(ProjectConfigurationPlatforms) = postSolution
		{E028334E-9A48-4DD4-B4D9-B8A1560D5DCA}.Debug|Any CPU.ActiveCfg = Debug|Any CPU
		{E028334E-9A48-4DD4-B4D9-B8A1560D5DCA}.Debug|Any CPU.Build.0 = Debug|Any CPU
		{E028334E-9A48-4DD4-B4D9-B8A1560D5DCA}.Release|Any CPU.ActiveCfg = Release|Any CPU
		{E028334E-9A48-4DD4-B4D9-B8A1560D5DCA}.Release|Any CPU.Build.0 = Release|Any CPU
		{AE2B1AC5-1C5D-442B-B14F-5B79C7B3CC89}.Debug|Any CPU.ActiveCfg = Debug|Any CPU
		{AE2B1AC5-1C5D-442B-B14F-5B79C7B3CC89}.Debug|Any CPU.Build.0 = Debug|Any CPU
		{AE2B1AC5-1C5D-442B-B14F-5B79C7B3CC89}.Release|Any CPU.ActiveCfg = Release|Any CPU
		{AE2B1AC5-1C5D-442B-B14F-5B79C7B3CC89}.Release|Any CPU.Build.0 = Release|Any CPU
		{B1234567-89AB-4DEF-0123-456789ABCDEF}.Debug|Any CPU.ActiveCfg = Debug|Any CPU
		{B1234567-89AB-4DEF-0123-456789ABCDEF}.Debug|Any CPU.Build.0 = Debug|Any CPU
		{B1234567-89AB-4DEF-0123-456789ABCDEF}.Release|Any CPU.ActiveCfg = Release|Any CPU
		{B1234567-89AB-4DEF-0123-456789ABCDEF}.Release|Any CPU.Build.0 = Release|Any CPU
		{C1234567-89AB-4DEF-0123-456789ABCDEF}.Debug|Any CPU.ActiveCfg = Debug|Any CPU
		{C1234567-89AB-4DEF-0123-456789ABCDEF}.Debug|Any CPU.Build.0 = Debug|Any CPU
		{C1234567-89AB-4DEF-0123-456789ABCDEF}.Release|Any CPU.ActiveCfg = Release|Any CPU
		{C1234567-89AB-4DEF-0123-456789ABCDEF}.Release|Any CPU.Build.0 = Release|Any CPU
		{D1234567-89AB-4DEF-0123-456789ABCDEF}.Debug|Any CPU.ActiveCfg = Debug|Any CPU
		{D1234567-89AB-4DEF-0123-456789ABCDEF}.Debug|Any CPU.Build.0 = Debug|Any CPU
		{D1234567-89AB-4DEF-0123-456789ABCDEF}.Release|Any CPU.ActiveCfg = Release|Any CPU
		{D1234567-89AB-4DEF-0123-456789ABCDEF}.Release|Any CPU.Build.0 = Release|Any CPU
		{E1234567-89AB-4DEF-0123-456789ABCDEF}.Debug|Any CPU.ActiveCfg = Debug|Any CPU
		{E1234567-89AB-4DEF-0123-456789ABCDEF}.Debug|Any CPU.Build.0 = Debug|Any CPU
		{E1234567-89AB-4DEF-0123-456789ABCDEF}.Release|Any CPU.ActiveCfg = Release|Any CPU
		{E1234567-89AB-4DEF-0123-456789ABCDEF}.Release|Any CPU.Build.0 = Release|Any CPU
		{F1234567-89AB-4DEF-0123-456789ABCDEF}.Debug|Any CPU.ActiveCfg = Debug|Any CPU
		{F1234567-89AB-4DEF-0123-456789ABCDEF}.Debug|Any CPU.Build.0 = Debug|Any CPU
		{F1234567-89AB-4DEF-0123-456789ABCDEF}.Release|Any CPU.ActiveCfg = Release|Any CPU
		{F1234567-89AB-4DEF-0123-456789ABCDEF}.Release|Any CPU.Build.0 = Release|Any CPU
	EndGlobalSection
	GlobalSection(NestedProjects) = preSolution
		{E028334E-9A48-4DD4-B4D9-B8A1560D5DCA} = {3CBD0B87-1460-4E84-B97E-0AA9CF222F51}
		{AE2B1AC5-1C5D-442B-B14F-5B79C7B3CC89} = {07D8646D-B387-423E-9DE5-9D57314E05AF}
		{B1234567-89AB-4DEF-0123-456789ABCDEF} = {3CBD0B87-1460-4E84-B97E-0AA9CF222F51}
		{C1234567-89AB-4DEF-0123-456789ABCDEF} = {3CBD0B87-1460-4E84-B97E-0AA9CF222F51}
		{D1234567-89AB-4DEF-0123-456789ABCDEF} = {3CBD0B87-1460-4E84-B97E-0AA9CF222F51}
		{E1234567-89AB-4DEF-0123-456789ABCDEF} = {3CBD0B87-1460-4E84-B97E-0AA9CF222F51}
		{F1234567-89AB-4DEF-0123-456789ABCDEF} = {3CBD0B87-1460-4E84-B97E-0AA9CF222F51}
	EndGlobalSection
EndGlobal
